
Microsoft Visual Studio Solution File, Format Version 12.00
# Visual Studio Version 16
VisualStudioVersion = 16.0.34301.259
MinimumVisualStudioVersion = 10.0.40219.1
Project("{FAE04EC0-301F-11D3-BF4B-00C04F79EFBC}") = "ShopPet", "ShopPet\ShopPet.csproj", "{63A0D36F-8D2B-4A57-975E-8AA13616684A}"
EndProject
Global
	GlobalSection(SolutionConfigurationPlatforms) = preSolution
		Debug|Any CPU = Debug|Any CPU
		Release|Any CPU = Release|Any CPU
	EndGlobalSection
	GlobalSection(ProjectConfigurationPlatforms) = postSolution
		{63A0D36F-8D2B-4A57-975E-8AA13616684A}.Debug|Any CPU.ActiveCfg = Debug|Any CPU
		{63A0D36F-8D2B-4A57-975E-8AA13616684A}.Debug|Any CPU.Build.0 = Debug|Any CPU
		{63A0D36F-8D2B-4A57-975E-8AA13616684A}.Release|Any CPU.ActiveCfg = Release|Any CPU
		{63A0D36F-8D2B-4A57-975E-8AA13616684A}.Release|Any CPU.Build.0 = Release|Any CPU
	EndGlobalSection
	GlobalSection(SolutionProperties) = preSolution
		HideSolutionNode = FALSE
	EndGlobalSection
	GlobalSection(ExtensibilityGlobals) = postSolution
		SolutionGuid = {ACEFDEAD-9FF7-44AE-B9E3-56CA3FE6FBD3}
	EndGlobalSection
EndGlobal
